
Microsoft Visual Studio Solution File, Format Version 12.00
# Visual Studio Version 16
VisualStudioVersion = 16.0.29519.87
MinimumVisualStudioVersion = 10.0.40219.1
Project("{FAE04EC0-301F-11D3-BF4B-00C04F79EFBC}") = "GeologyGraph2Excel", "GeologyGraph2Excel\GeologyGraph2Excel.csproj", "{98A7A951-2302-4127-99AF-461579FAE0FB}"
EndProject
Global
	GlobalSection(SolutionConfigurationPlatforms) = preSolution
		Debug|Any CPU = Debug|Any CPU
		Release|Any CPU = Release|Any CPU
	EndGlobalSection
	GlobalSection(ProjectConfigurationPlatforms) = postSolution
		{98A7A951-2302-4127-99AF-461579FAE0FB}.Debug|Any CPU.ActiveCfg = Debug|Any CPU
		{98A7A951-2302-4127-99AF-461579FAE0FB}.Debug|Any CPU.Build.0 = Debug|Any CPU
		{98A7A951-2302-4127-99AF-461579FAE0FB}.Release|Any CPU.ActiveCfg = Release|Any CPU
		{98A7A951-2302-4127-99AF-461579FAE0FB}.Release|Any CPU.Build.0 = Release|Any CPU
	EndGlobalSection
	GlobalSection(SolutionProperties) = preSolution
		HideSolutionNode = FALSE
	EndGlobalSection
	GlobalSection(ExtensibilityGlobals) = postSolution
		SolutionGuid = {8B857177-807A-4DD9-8366-E13F60C4B6BD}
	EndGlobalSection
EndGlobal
